
Microsoft Visual Studio Solution File, Format Version 12.00
# Visual Studio 15
VisualStudioVersion = 15.0.27703.2047
MinimumVisualStudioVersion = 10.0.40219.1
Project("{FAE04EC0-301F-11D3-BF4B-00C04F79EFBC}") = "LegacyApplication", "LegacyApplication\LegacyApplication.csproj", "{7FF89EC0-7238-48B0-AE2B-F3E397A66025}"
EndProject
Project("{FAE04EC0-301F-11D3-BF4B-00C04F79EFBC}") = "LegacyApplication.Tests", "LegacyApplication.Tests\LegacyApplication.Tests.csproj", "{97257840-551D-45F8-A133-8890F3D3E073}"
EndProject
Global
	GlobalSection(SolutionConfigurationPlatforms) = preSolution
		Debug|Any CPU = Debug|Any CPU
		Release|Any CPU = Release|Any CPU
	EndGlobalSection
	GlobalSection(ProjectConfigurationPlatforms) = postSolution
		{7FF89EC0-7238-48B0-AE2B-F3E397A66025}.Debug|Any CPU.ActiveCfg = Debug|Any CPU
		{7FF89EC0-7238-48B0-AE2B-F3E397A66025}.Debug|Any CPU.Build.0 = Debug|Any CPU
		{7FF89EC0-7238-48B0-AE2B-F3E397A66025}.Release|Any CPU.ActiveCfg = Release|Any CPU
		{7FF89EC0-7238-48B0-AE2B-F3E397A66025}.Release|Any CPU.Build.0 = Release|Any CPU
		{97257840-551D-45F8-A133-8890F3D3E073}.Debug|Any CPU.ActiveCfg = Debug|Any CPU
		{97257840-551D-45F8-A133-8890F3D3E073}.Debug|Any CPU.Build.0 = Debug|Any CPU
		{97257840-551D-45F8-A133-8890F3D3E073}.Release|Any CPU.ActiveCfg = Release|Any CPU
		{97257840-551D-45F8-A133-8890F3D3E073}.Release|Any CPU.Build.0 = Release|Any CPU
	EndGlobalSection
	GlobalSection(SolutionProperties) = preSolution
		HideSolutionNode = FALSE
	EndGlobalSection
	GlobalSection(ExtensibilityGlobals) = postSolution
		SolutionGuid = {ED8E8536-D831-4A00-A67F-A7B378B552AF}
	EndGlobalSection
EndGlobal
