
Microsoft Visual Studio Solution File, Format Version 12.00
# Visual Studio 15
VisualStudioVersion = 15.0.27703.2047
MinimumVisualStudioVersion = 10.0.40219.1
Project("{FAE04EC0-301F-11D3-BF4B-00C04F79EFBC}") = "TowerDefence", "TowerDefence\TowerDefence.csproj", "{DEF19F94-D0C2-49AC-80FE-9AAC2BED8FA1}"
EndProject
Project("{FAE04EC0-301F-11D3-BF4B-00C04F79EFBC}") = "TowerDefence.Tests", "TowerDefence.Tests\TowerDefence.Tests.csproj", "{5E466DD2-D968-42D8-9F52-7F2146EB3C2C}"
EndProject
Global
	GlobalSection(SolutionConfigurationPlatforms) = preSolution
		Debug|Any CPU = Debug|Any CPU
		Release|Any CPU = Release|Any CPU
	EndGlobalSection
	GlobalSection(ProjectConfigurationPlatforms) = postSolution
		{DEF19F94-D0C2-49AC-80FE-9AAC2BED8FA1}.Debug|Any CPU.ActiveCfg = Debug|Any CPU
		{DEF19F94-D0C2-49AC-80FE-9AAC2BED8FA1}.Debug|Any CPU.Build.0 = Debug|Any CPU
		{DEF19F94-D0C2-49AC-80FE-9AAC2BED8FA1}.Release|Any CPU.ActiveCfg = Release|Any CPU
		{DEF19F94-D0C2-49AC-80FE-9AAC2BED8FA1}.Release|Any CPU.Build.0 = Release|Any CPU
		{5E466DD2-D968-42D8-9F52-7F2146EB3C2C}.Debug|Any CPU.ActiveCfg = Debug|Any CPU
		{5E466DD2-D968-42D8-9F52-7F2146EB3C2C}.Debug|Any CPU.Build.0 = Debug|Any CPU
		{5E466DD2-D968-42D8-9F52-7F2146EB3C2C}.Release|Any CPU.ActiveCfg = Release|Any CPU
		{5E466DD2-D968-42D8-9F52-7F2146EB3C2C}.Release|Any CPU.Build.0 = Release|Any CPU
	EndGlobalSection
	GlobalSection(SolutionProperties) = preSolution
		HideSolutionNode = FALSE
	EndGlobalSection
	GlobalSection(ExtensibilityGlobals) = postSolution
		SolutionGuid = {EEC42C30-9BB9-4A60-A196-636D62EF8539}
	EndGlobalSection
EndGlobal
